
Microsoft Visual Studio Solution File, Format Version 12.00
# Visual Studio Version 17
VisualStudioVersion = 17.6.33723.286
MinimumVisualStudioVersion = 10.0.40219.1
Project("{9A19103F-16F7-4668-BE54-9A1E7A4F7556}") = "SocialAppServer", "SocialAppServer\SocialAppServer.csproj", "{9F8020AA-F022-40A6-A8DA-AE5327194C5B}"
EndProject
Project("{FAE04EC0-301F-11D3-BF4B-00C04F79EFBC}") = "APITest", "APITest\APITest.csproj", "{F299C4FC-91CA-4D3C-A95E-5C52B1AA0533}"
EndProject
Global
	GlobalSection(SolutionConfigurationPlatforms) = preSolution
		Debug|Any CPU = Debug|Any CPU
		Release|Any CPU = Release|Any CPU
	EndGlobalSection
	GlobalSection(ProjectConfigurationPlatforms) = postSolution
		{9F8020AA-F022-40A6-A8DA-AE5327194C5B}.Debug|Any CPU.ActiveCfg = Debug|Any CPU
		{9F8020AA-F022-40A6-A8DA-AE5327194C5B}.Debug|Any CPU.Build.0 = Debug|Any CPU
		{9F8020AA-F022-40A6-A8DA-AE5327194C5B}.Release|Any CPU.ActiveCfg = Release|Any CPU
		{9F8020AA-F022-40A6-A8DA-AE5327194C5B}.Release|Any CPU.Build.0 = Release|Any CPU
		{F299C4FC-91CA-4D3C-A95E-5C52B1AA0533}.Debug|Any CPU.ActiveCfg = Debug|Any CPU
		{F299C4FC-91CA-4D3C-A95E-5C52B1AA0533}.Debug|Any CPU.Build.0 = Debug|Any CPU
		{F299C4FC-91CA-4D3C-A95E-5C52B1AA0533}.Release|Any CPU.ActiveCfg = Release|Any CPU
		{F299C4FC-91CA-4D3C-A95E-5C52B1AA0533}.Release|Any CPU.Build.0 = Release|Any CPU
	EndGlobalSection
	GlobalSection(SolutionProperties) = preSolution
		HideSolutionNode = FALSE
	EndGlobalSection
	GlobalSection(ExtensibilityGlobals) = postSolution
		SolutionGuid = {EC3E5C2A-0214-409E-A2B0-7F8B028505AF}
	EndGlobalSection
EndGlobal
